
Microsoft Visual Studio Solution File, Format Version 12.00
# Visual Studio Version 16
VisualStudioVersion = 16.0.32106.194
MinimumVisualStudioVersion = 10.0.40219.1
Project("{FAE04EC0-301F-11D3-BF4B-00C04F79EFBC}") = "HPlus.Ecommerce", "HPlus.Ecommerce\HPlus.Ecommerce.csproj", "{A84156E1-A511-485D-A08D-6A4CA94B0F49}"
EndProject
Global
	GlobalSection(SolutionConfigurationPlatforms) = preSolution
		Debug|Any CPU = Debug|Any CPU
		Release|Any CPU = Release|Any CPU
	EndGlobalSection
	GlobalSection(ProjectConfigurationPlatforms) = postSolution
		{A84156E1-A511-485D-A08D-6A4CA94B0F49}.Debug|Any CPU.ActiveCfg = Debug|Any CPU
		{A84156E1-A511-485D-A08D-6A4CA94B0F49}.Debug|Any CPU.Build.0 = Debug|Any CPU
		{A84156E1-A511-485D-A08D-6A4CA94B0F49}.Release|Any CPU.ActiveCfg = Release|Any CPU
		{A84156E1-A511-485D-A08D-6A4CA94B0F49}.Release|Any CPU.Build.0 = Release|Any CPU
	EndGlobalSection
	GlobalSection(SolutionProperties) = preSolution
		HideSolutionNode = FALSE
	EndGlobalSection
	GlobalSection(ExtensibilityGlobals) = postSolution
		SolutionGuid = {0418485C-921C-4E0B-B966-EF00FDC2A3A5}
	EndGlobalSection
EndGlobal
